
Microsoft Visual Studio Solution File, Format Version 12.00
# Visual Studio Version 17
VisualStudioVersion = 17.9.34723.18
MinimumVisualStudioVersion = 10.0.40219.1
Project("{FAE04EC0-301F-11D3-BF4B-00C04F79EFBC}") = "minimalAPIMongo", "minimalAPIMongo.csproj", "{81650110-ED7D-4D62-9DBF-3F4BC24C1358}"
EndProject
Global
	GlobalSection(SolutionConfigurationPlatforms) = preSolution
		Debug|Any CPU = Debug|Any CPU
		Release|Any CPU = Release|Any CPU
	EndGlobalSection
	GlobalSection(ProjectConfigurationPlatforms) = postSolution
		{81650110-ED7D-4D62-9DBF-3F4BC24C1358}.Debug|Any CPU.ActiveCfg = Debug|Any CPU
		{81650110-ED7D-4D62-9DBF-3F4BC24C1358}.Debug|Any CPU.Build.0 = Debug|Any CPU
		{81650110-ED7D-4D62-9DBF-3F4BC24C1358}.Release|Any CPU.ActiveCfg = Release|Any CPU
		{81650110-ED7D-4D62-9DBF-3F4BC24C1358}.Release|Any CPU.Build.0 = Release|Any CPU
	EndGlobalSection
	GlobalSection(SolutionProperties) = preSolution
		HideSolutionNode = FALSE
	EndGlobalSection
	GlobalSection(ExtensibilityGlobals) = postSolution
		SolutionGuid = {83AA7963-8AD5-4B6E-9C9B-34AB9B5E49E4}
	EndGlobalSection
EndGlobal
